<?xml version="1.0" encoding="utf-8"?>
<Project ToolsVersion="4.0" xmlns="http://schemas.microsoft.com/developer/msbuild/2003">
  <ItemGroup>
    <Filter Include="ソース ファイル">
      <UniqueIdentifier>{4FC737F1-C7A5-4376-A066-2A32D752A2FF}</UniqueIdentifier>
      <Extensions>cpp;c;cc;cxx;def;odl;idl;hpj;bat;asm;asmx</Extensions>
    </Filter>
    <Filter Include="ヘッダー ファイル">
      <UniqueIdentifier>{93995380-89BD-4b04-88EB-625FBE52EBFB}</UniqueIdentifier>
      <Extensions>h;hh;hpp;hxx;hm;inl;inc;xsd</Extensions>
    </Filter>
    <Filter Include="リソース ファイル">
      <UniqueIdentifier>{67DA6AB6-F800-4c08-8B7A-83BB121AAD01}</UniqueIdentifier>
      <Extensions>rc;ico;cur;bmp;dlg;rc2;rct;bin;rgs;gif;jpg;jpeg;jpe;resx;tiff;tif;png;wav;mfcribbon-ms</Extensions>
    </Filter>
    <Filter Include="ソース ファイル\主人公%28蟻%29">
      <UniqueIdentifier>{2de77de8-4a7c-44fa-99cb-212cb727a047}</UniqueIdentifier>
    </Filter>
    <Filter Include="ソース ファイル\タイトル">
      <UniqueIdentifier>{248969eb-3857-4023-8feb-db34d3e23f3d}</UniqueIdentifier>
    </Filter>
    <Filter Include="ソース ファイル\ブロック">
      <UniqueIdentifier>{fca6f02a-bfcd-4615-9a98-1e68dc57f2d2}</UniqueIdentifier>
    </Filter>
    <Filter Include="ソース ファイル\時間">
      <UniqueIdentifier>{7f29666d-afff-4134-8a11-4fa94fd0283c}</UniqueIdentifier>
    </Filter>
    <Filter Include="ソース ファイル\ゲームオーバー">
      <UniqueIdentifier>{fcb4de9b-5f49-4a9c-b524-76a088e9cbfe}</UniqueIdentifier>
    </Filter>
    <Filter Include="ソース ファイル\ゲームクリア">
      <UniqueIdentifier>{6ded3dae-3b6d-4cb6-985b-142291090012}</UniqueIdentifier>
    </Filter>
    <Filter Include="ソース ファイル\ホール">
      <UniqueIdentifier>{0e21f26f-cf01-4d7b-9191-43ef47365526}</UniqueIdentifier>
    </Filter>
    <Filter Include="ソース ファイル\敵達">
      <UniqueIdentifier>{8004fefb-6522-458e-93a4-903329d41f37}</UniqueIdentifier>
    </Filter>
    <Filter Include="ソース ファイル\敵達\オニクリキントン">
      <UniqueIdentifier>{de04f108-55ee-40bf-9039-e502be14a9f5}</UniqueIdentifier>
    </Filter>
    <Filter Include="ソース ファイル\敵達\クリキントン">
      <UniqueIdentifier>{ae35d475-5eaf-41e7-8c2d-458cc275c56b}</UniqueIdentifier>
    </Filter>
    <Filter Include="ソース ファイル\敵達\ドーナツ">
      <UniqueIdentifier>{43de60e7-fe8b-452d-b373-d71f1a4ac2fb}</UniqueIdentifier>
    </Filter>
    <Filter Include="ソース ファイル\敵達\ゆきだるま">
      <UniqueIdentifier>{aac5953a-7ea7-4679-b847-03fe20672d5f}</UniqueIdentifier>
    </Filter>
    <Filter Include="ソース ファイル\敵達\敵（おばけ）">
      <UniqueIdentifier>{7848930f-a1fe-4783-819d-e51274428a13}</UniqueIdentifier>
    </Filter>
    <Filter Include="ソース ファイル\スイーツ">
      <UniqueIdentifier>{cb962631-ff3f-488a-8ab1-6089412ebf75}</UniqueIdentifier>
    </Filter>
  </ItemGroup>
  <ItemGroup>
    <ClInclude Include="GameHead.h">
      <Filter>ヘッダー ファイル</Filter>
    </ClInclude>
    <ClInclude Include="main.h">
      <Filter>ヘッダー ファイル</Filter>
    </ClInclude>
    <ClInclude Include="GameL\Audio.h">
      <Filter>リソース ファイル</Filter>
    </ClInclude>
    <ClInclude Include="GameL\DirectXDevice.h">
      <Filter>リソース ファイル</Filter>
    </ClInclude>
    <ClInclude Include="GameL\DrawFont.h">
      <Filter>リソース ファイル</Filter>
    </ClInclude>
    <ClInclude Include="GameL\DrawTexture.h">
      <Filter>リソース ファイル</Filter>
    </ClInclude>
    <ClInclude Include="GameL\HitBoxManager.h">
      <Filter>リソース ファイル</Filter>
    </ClInclude>
    <ClInclude Include="GameL\MultiThread.h">
      <Filter>リソース ファイル</Filter>
    </ClInclude>
    <ClInclude Include="GameL\SceneManager.h">
      <Filter>リソース ファイル</Filter>
    </ClInclude>
    <ClInclude Include="GameL\SceneObjManager.h">
      <Filter>リソース ファイル</Filter>
    </ClInclude>
    <ClInclude Include="GameL\SetWindow.h">
      <Filter>リソース ファイル</Filter>
    </ClInclude>
    <ClInclude Include="GameL\UserData.h">
      <Filter>リソース ファイル</Filter>
    </ClInclude>
    <ClInclude Include="GameL\WinInputs.h">
      <Filter>リソース ファイル</Filter>
    </ClInclude>
    <ClInclude Include="SceneMain.h">
      <Filter>ソース ファイル</Filter>
    </ClInclude>
    <ClInclude Include="ObjHero.h">
      <Filter>ソース ファイル\主人公%28蟻%29</Filter>
    </ClInclude>
    <ClInclude Include="ObjFEnemy.h">
      <Filter>ソース ファイル\敵達\敵（おばけ）</Filter>
    </ClInclude>
    <ClInclude Include="ObjYukidaruma.h">
      <Filter>ソース ファイル\敵達\ゆきだるま</Filter>
    </ClInclude>
    <ClInclude Include="ObjBlock.h">
      <Filter>ソース ファイル\ブロック</Filter>
    </ClInclude>
    <ClInclude Include="UtilityModule.h">
      <Filter>ソース ファイル</Filter>
    </ClInclude>
    <ClInclude Include="ObjSymmetry.h">
      <Filter>ソース ファイル\敵達\ドーナツ</Filter>
    </ClInclude>
    <ClInclude Include="ObjTitle.h">
      <Filter>ソース ファイル\タイトル</Filter>
    </ClInclude>
    <ClInclude Include="SceneTitle.h">
      <Filter>ソース ファイル\タイトル</Filter>
    </ClInclude>
    <ClInclude Include="ObjGameOver.h">
      <Filter>ソース ファイル\ゲームオーバー</Filter>
    </ClInclude>
    <ClInclude Include="SceneGameOver.h">
      <Filter>ソース ファイル\ゲームオーバー</Filter>
    </ClInclude>
    <ClInclude Include="ObjTime.h">
      <Filter>ソース ファイル\時間</Filter>
    </ClInclude>
    <ClInclude Include="SceneClear.h">
      <Filter>ソース ファイル\ゲームクリア</Filter>
    </ClInclude>
    <ClInclude Include="ObjClear.h">
      <Filter>ソース ファイル\ゲームクリア</Filter>
    </ClInclude>
    <ClInclude Include="ObjKuri.h">
      <Filter>ソース ファイル\敵達\クリキントン</Filter>
    </ClInclude>
    <ClInclude Include="Objhole.h">
      <Filter>ソース ファイル\ホール</Filter>
    </ClInclude>
    <ClInclude Include="ObjOnikuri.h">
      <Filter>ソース ファイル\敵達\オニクリキントン</Filter>
    </ClInclude>
    <ClInclude Include="ObjSweets.h">
      <Filter>ソース ファイル\スイーツ</Filter>
    </ClInclude>
  </ItemGroup>
  <ItemGroup>
    <ClCompile Include="GameL\Audio.cpp">
      <Filter>リソース ファイル</Filter>
    </ClCompile>
    <ClCompile Include="GameL\DirectXDevice.cpp">
      <Filter>リソース ファイル</Filter>
    </ClCompile>
    <ClCompile Include="GameL\DrawFont.cpp">
      <Filter>リソース ファイル</Filter>
    </ClCompile>
    <ClCompile Include="GameL\DrawTexture.cpp">
      <Filter>リソース ファイル</Filter>
    </ClCompile>
    <ClCompile Include="GameL\GameL_Main.cpp">
      <Filter>リソース ファイル</Filter>
    </ClCompile>
    <ClCompile Include="GameL\HitBoxManager.cpp">
      <Filter>リソース ファイル</Filter>
    </ClCompile>
    <ClCompile Include="GameL\MultiThread.cpp">
      <Filter>リソース ファイル</Filter>
    </ClCompile>
    <ClCompile Include="GameL\SceneManager.cpp">
      <Filter>リソース ファイル</Filter>
    </ClCompile>
    <ClCompile Include="GameL\SceneObjManager.cpp">
      <Filter>リソース ファイル</Filter>
    </ClCompile>
    <ClCompile Include="GameL\SetWindow.cpp">
      <Filter>リソース ファイル</Filter>
    </ClCompile>
    <ClCompile Include="GameL\UserData.cpp">
      <Filter>リソース ファイル</Filter>
    </ClCompile>
    <ClCompile Include="GameL\WinInputs.cpp">
      <Filter>リソース ファイル</Filter>
    </ClCompile>
    <ClCompile Include="SceneMain.cpp">
      <Filter>ソース ファイル</Filter>
    </ClCompile>
    <ClCompile Include="ObjFEnemy.cpp">
      <Filter>ソース ファイル\敵達\敵（おばけ）</Filter>
    </ClCompile>
    <ClCompile Include="ObjHero.cpp">
      <Filter>ソース ファイル\主人公%28蟻%29</Filter>
    </ClCompile>
    <ClCompile Include="ObjYukidaruma.cpp">
      <Filter>ソース ファイル\敵達\ゆきだるま</Filter>
    </ClCompile>
    <ClCompile Include="ObjBlock.cpp">
      <Filter>ソース ファイル\ブロック</Filter>
    </ClCompile>
    <ClCompile Include="UtilityModule.cpp">
      <Filter>ソース ファイル</Filter>
    </ClCompile>
    <ClCompile Include="ObjSymmetry.cpp">
      <Filter>ソース ファイル\敵達\ドーナツ</Filter>
    </ClCompile>
    <ClCompile Include="ObjTitle.cpp">
      <Filter>ソース ファイル\タイトル</Filter>
    </ClCompile>
    <ClCompile Include="SceneTitle.cpp">
      <Filter>ソース ファイル\タイトル</Filter>
    </ClCompile>
    <ClCompile Include="ObjGameOver.cpp">
      <Filter>ソース ファイル\ゲームオーバー</Filter>
    </ClCompile>
    <ClCompile Include="SceneGameOver.cpp">
      <Filter>ソース ファイル\ゲームオーバー</Filter>
    </ClCompile>
    <ClCompile Include="ObjTime.cpp">
      <Filter>ソース ファイル\時間</Filter>
    </ClCompile>
    <ClCompile Include="SceneClear.cpp">
      <Filter>ソース ファイル\ゲームクリア</Filter>
    </ClCompile>
    <ClCompile Include="ObjClear.cpp">
      <Filter>ソース ファイル\ゲームクリア</Filter>
    </ClCompile>
    <ClCompile Include="ObjKuri.cpp">
      <Filter>ソース ファイル\敵達\クリキントン</Filter>
    </ClCompile>
    <ClCompile Include="Objhole.cpp">
      <Filter>ソース ファイル\ホール</Filter>
    </ClCompile>
    <ClCompile Include="ObjOnikuri.cpp">
      <Filter>ソース ファイル\敵達\オニクリキントン</Filter>
    </ClCompile>
    <ClCompile Include="ObjSweets.cpp">
      <Filter>ソース ファイル\スイーツ</Filter>
    </ClCompile>
  </ItemGroup>
  <ItemGroup>
    <FxCompile Include="GameL\Draw2DTex.hlsl">
      <Filter>リソース ファイル</Filter>
    </FxCompile>
  </ItemGroup>
</Project>